
Microsoft Visual Studio Solution File, Format Version 12.00
# Visual Studio Version 16
VisualStudioVersion = 16.0.30523.141
MinimumVisualStudioVersion = 10.0.40219.1
Project("{FAE04EC0-301F-11D3-BF4B-00C04F79EFBC}") = "ForEachLists", "ForEachLists\ForEachLists.csproj", "{040F0ABF-6399-4B2A-89A5-7624E3EF2441}"
EndProject
Global
	GlobalSection(SolutionConfigurationPlatforms) = preSolution
		Debug|Any CPU = Debug|Any CPU
		Release|Any CPU = Release|Any CPU
	EndGlobalSection
	GlobalSection(ProjectConfigurationPlatforms) = postSolution
		{040F0ABF-6399-4B2A-89A5-7624E3EF2441}.Debug|Any CPU.ActiveCfg = Debug|Any CPU
		{040F0ABF-6399-4B2A-89A5-7624E3EF2441}.Debug|Any CPU.Build.0 = Debug|Any CPU
		{040F0ABF-6399-4B2A-89A5-7624E3EF2441}.Release|Any CPU.ActiveCfg = Release|Any CPU
		{040F0ABF-6399-4B2A-89A5-7624E3EF2441}.Release|Any CPU.Build.0 = Release|Any CPU
	EndGlobalSection
	GlobalSection(SolutionProperties) = preSolution
		HideSolutionNode = FALSE
	EndGlobalSection
	GlobalSection(ExtensibilityGlobals) = postSolution
		SolutionGuid = {4A402B75-0D2F-4948-B842-44561B453C34}
	EndGlobalSection
EndGlobal
